
Microsoft Visual Studio Solution File, Format Version 12.00
# Visual Studio Version 17
VisualStudioVersion = 17.8.34525.116
MinimumVisualStudioVersion = 10.0.40219.1
Project("{FAE04EC0-301F-11D3-BF4B-00C04F79EFBC}") = "AspLoginCore", "AspLoginCore.csproj", "{C541C7E3-D77F-482E-9D77-2B340319B80B}"
EndProject
Global
	GlobalSection(SolutionConfigurationPlatforms) = preSolution
		Debug|Any CPU = Debug|Any CPU
		Release|Any CPU = Release|Any CPU
	EndGlobalSection
	GlobalSection(ProjectConfigurationPlatforms) = postSolution
		{C541C7E3-D77F-482E-9D77-2B340319B80B}.Debug|Any CPU.ActiveCfg = Debug|Any CPU
		{C541C7E3-D77F-482E-9D77-2B340319B80B}.Debug|Any CPU.Build.0 = Debug|Any CPU
		{C541C7E3-D77F-482E-9D77-2B340319B80B}.Release|Any CPU.ActiveCfg = Release|Any CPU
		{C541C7E3-D77F-482E-9D77-2B340319B80B}.Release|Any CPU.Build.0 = Release|Any CPU
	EndGlobalSection
	GlobalSection(SolutionProperties) = preSolution
		HideSolutionNode = FALSE
	EndGlobalSection
	GlobalSection(ExtensibilityGlobals) = postSolution
		SolutionGuid = {93ABD54D-4322-4ECC-9C90-83EBBC3BF627}
	EndGlobalSection
EndGlobal
